
Microsoft Visual Studio Solution File, Format Version 12.00
# Visual Studio Version 17
VisualStudioVersion = 17.5.002.0
MinimumVisualStudioVersion = 10.0.40219.1
Project("{9A19103F-16F7-4668-BE54-9A1E7A4F7556}") = "atvs logica", "atvs logica.csproj", "{BA49E26C-6348-42F1-A3D2-A50BCD46D4A3}"
EndProject
Global
	GlobalSection(SolutionConfigurationPlatforms) = preSolution
		Debug|Any CPU = Debug|Any CPU
		Release|Any CPU = Release|Any CPU
	EndGlobalSection
	GlobalSection(ProjectConfigurationPlatforms) = postSolution
		{BA49E26C-6348-42F1-A3D2-A50BCD46D4A3}.Debug|Any CPU.ActiveCfg = Debug|Any CPU
		{BA49E26C-6348-42F1-A3D2-A50BCD46D4A3}.Debug|Any CPU.Build.0 = Debug|Any CPU
		{BA49E26C-6348-42F1-A3D2-A50BCD46D4A3}.Release|Any CPU.ActiveCfg = Release|Any CPU
		{BA49E26C-6348-42F1-A3D2-A50BCD46D4A3}.Release|Any CPU.Build.0 = Release|Any CPU
	EndGlobalSection
	GlobalSection(SolutionProperties) = preSolution
		HideSolutionNode = FALSE
	EndGlobalSection
	GlobalSection(ExtensibilityGlobals) = postSolution
		SolutionGuid = {EFB156F9-29CD-4997-9C08-F57310A4CBA4}
	EndGlobalSection
EndGlobal
